// !$*UTF8*$!
{
	archiveVersion = 1;
	classes = {
	};
	objectVersion = 48;
	objects = {

/* Begin PBXBuildFile section */
		ED4948001FFA8F210014C662 /* AppDelegate.swift in Sources */ = {isa = PBXBuildFile; fileRef = ED4947FF1FFA8F210014C662 /* AppDelegate.swift */; };
		ED4948021FFA8F210014C662 /* ViewController.swift in Sources */ = {isa = PBXBuildFile; fileRef = ED4948011FFA8F210014C662 /* ViewController.swift */; };
		ED4948051FFA8F210014C662 /* Main.storyboard in Resources */ = {isa = PBXBuildFile; fileRef = ED4948031FFA8F210014C662 /* Main.storyboard */; };
		ED4948081FFA8F210014C662 /* Finetta.xcdatamodeld in Sources */ = {isa = PBXBuildFile; fileRef = ED4948061FFA8F210014C662 /* Finetta.xcdatamodeld */; };
		ED49480A1FFA8F210014C662 /* Assets.xcassets in Resources */ = {isa = PBXBuildFile; fileRef = ED4948091FFA8F210014C662 /* Assets.xcassets */; };
		ED49480D1FFA8F210014C662 /* LaunchScreen.storyboard in Resources */ = {isa = PBXBuildFile; fileRef = ED49480B1FFA8F210014C662 /* LaunchScreen.storyboard */; };
/* End PBXBuildFile section */

/* Begin PBXFileReference section */
		ED4947FC1FFA8F210014C662 /* Finetta.app */ = {isa = PBXFileReference; explicitFileType = wrapper.application; includeInIndex = 0; path = Finetta.app; sourceTree = BUILT_PRODUCTS_DIR; };
		ED4947FF1FFA8F210014C662 /* AppDelegate.swift */ = {isa = PBXFileReference; lastKnownFileType = sourcecode.swift; path = AppDelegate.swift; sourceTree = "<group>"; };
		ED4948011FFA8F210014C662 /* ViewController.swift */ = {isa = PBXFileReference; lastKnownFileType = sourcecode.swift; path = ViewController.swift; sourceTree = "<group>"; };
		ED4948041FFA8F210014C662 /* Base */ = {isa = PBXFileReference; lastKnownFileType = file.storyboard; name = Base; path = Base.lproj/Main.storyboard; sourceTree = "<group>"; };
		ED4948071FFA8F210014C662 /* Finetta.xcdatamodel */ = {isa = PBXFileReference; lastKnownFileType = wrapper.xcdatamodel; path = Finetta.xcdatamodel; sourceTree = "<group>"; };
		ED4948091FFA8F210014C662 /* Assets.xcassets */ = {isa = PBXFileReference; lastKnownFileType = folder.assetcatalog; path = Assets.xcassets; sourceTree = "<group>"; };
		ED49480C1FFA8F210014C662 /* Base */ = {isa = PBXFileReference; lastKnownFileType = file.storyboard; name = Base; path = Base.lproj/LaunchScreen.storyboard; sourceTree = "<group>"; };
		ED49480E1FFA8F210014C662 /* Info.plist */ = {isa = PBXFileReference; lastKnownFileType = text.plist.xml; path = Info.plist; sourceTree = "<group>"; };
/* End PBXFileReference section */

/* Begin PBXFrameworksBuildPhase section */
		ED4947F91FFA8F210014C662 /* Frameworks */ = {
			isa = PBXFrameworksBuildPhase;
			buildActionMask = 2147483647;
			files = (
			);
			runOnlyForDeploymentPostprocessing = 0;
		};
/* End PBXFrameworksBuildPhase section */

/* Begin PBXGroup section */
		ED4947F31FFA8F210014C662 = {
			isa = PBXGroup;
			children = (
				ED4947FE1FFA8F210014C662 /* Finetta */,
				ED4947FD1FFA8F210014C662 /* Products */,
			);
			sourceTree = "<group>";
		};
		ED4947FD1FFA8F210014C662 /* Products */ = {
			isa = PBXGroup;
			children = (
				ED4947FC1FFA8F210014C662 /* Finetta.app */,
			);
			name = Products;
			sourceTree = "<group>";
		};
		ED4947FE1FFA8F210014C662 /* Finetta */ = {
			isa = PBXGroup;
			children = (
				ED4947FF1FFA8F210014C662 /* AppDelegate.swift */,
				ED4948011FFA8F210014C662 /* ViewController.swift */,
				ED4948031FFA8F210014C662 /* Main.storyboard */,
				ED4948091FFA8F210014C662 /* Assets.xcassets */,
				ED49480B1FFA8F210014C662 /* LaunchScreen.storyboard */,
				ED49480E1FFA8F210014C662 /* Info.plist */,
				ED4948061FFA8F210014C662 /* Finetta.xcdatamodeld */,
			);
			path = Finetta;
			sourceTree = "<group>";
		};
/* End PBXGroup section */

/* Begin PBXNativeTarget section */
		ED4947FB1FFA8F210014C662 /* Finetta */ = {
			isa = PBXNativeTarget;
			buildConfigurationList = ED4948111FFA8F210014C662 /* Build configuration list for PBXNativeTarget "Finetta" */;
			buildPhases = (
				ED4947F81FFA8F210014C662 /* Sources */,
				ED4947F91FFA8F210014C662 /* Frameworks */,
				ED4947FA1FFA8F210014C662 /* Resources */,
			);
			buildRules = (
			);
			dependencies = (
			);
			name = Finetta;
			productName = Finetta;
			productReference = ED4947FC1FFA8F210014C662 /* Finetta.app */;
			productType = "com.apple.product-type.application";
		};
/* End PBXNativeTarget section */

/* Begin PBXProject section */
		ED4947F41FFA8F210014C662 /* Project object */ = {
			isa = PBXProject;
			attributes = {
				LastSwiftUpdateCheck = 0920;
				LastUpgradeCheck = 0920;
				ORGANIZATIONNAME = "Gleb Kalachev";
				TargetAttributes = {
					ED4947FB1FFA8F210014C662 = {
						CreatedOnToolsVersion = 9.2;
						ProvisioningStyle = Automatic;
					};
				};
			};
			buildConfigurationList = ED4947F71FFA8F210014C662 /* Build configuration list for PBXProject "Finetta" */;
			compatibilityVersion = "Xcode 8.0";
			developmentRegion = en;
			hasScannedForEncodings = 0;
			knownRegions = (
				en,
				Base,
			);
			mainGroup = ED4947F31FFA8F210014C662;
			productRefGroup = ED4947FD1FFA8F210014C662 /* Products */;
			projectDirPath = "";
			projectRoot = "";
			targets = (
				ED4947FB1FFA8F210014C662 /* Finetta */,
			);
		};
/* End PBXProject section */

/* Begin PBXResourcesBuildPhase section */
		ED4947FA1FFA8F210014C662 /* Resources */ = {
			isa = PBXResourcesBuildPhase;
			buildActionMask = 2147483647;
			files = (
				ED49480D1FFA8F210014C662 /* LaunchScreen.storyboard in Resources */,
				ED49480A1FFA8F210014C662 /* Assets.xcassets in Resources */,
				ED4948051FFA8F210014C662 /* Main.storyboard in Resources */,
			);
			runOnlyForDeploymentPostprocessing = 0;
		};
/* End PBXResourcesBuildPhase section */

/* Begin PBXSourcesBuildPhase section */
		ED4947F81FFA8F210014C662 /* Sources */ = {
			isa = PBXSourcesBuildPhase;
			buildActionMask = 2147483647;
			files = (
				ED4948021FFA8F210014C662 /* ViewController.swift in Sources */,
				ED4948081FFA8F210014C662 /* Finetta.xcdatamodeld in Sources */,
				ED4948001FFA8F210014C662 /* AppDelegate.swift in Sources */,
			);
			runOnlyForDeploymentPostprocessing = 0;
		};
/* End PBXSourcesBuildPhase section */

/* Begin PBXVariantGroup section */
		ED4948031FFA8F210014C662 /* Main.storyboard */ = {
			isa = PBXVariantGroup;
			children = (
				ED4948041FFA8F210014C662 /* Base */,
			);
			name = Main.storyboard;
			sourceTree = "<group>";
		};
		ED49480B1FFA8F210014C662 /* LaunchScreen.storyboard */ = {
			isa = PBXVariantGroup;
			children = (
				ED49480C1FFA8F210014C662 /* Base */,
			);
			name = LaunchScreen.storyboard;
			sourceTree = "<group>";
		};
/* End PBXVariantGroup section */

/* Begin XCBuildConfiguration section */
		ED49480F1FFA8F210014C662 /* Debug */ = {
			isa = XCBuildConfiguration;
			buildSettings = {
				ALWAYS_SEARCH_USER_PATHS = NO;
				CLANG_ANALYZER_NONNULL = YES;
				CLANG_ANALYZER_NUMBER_OBJECT_CONVERSION = YES_AGGRESSIVE;
				CLANG_CXX_LANGUAGE_STANDARD = "gnu++14";
				CLANG_CXX_LIBRARY = "libc++";
				CLANG_ENABLE_MODULES = YES;
				CLANG_ENABLE_OBJC_ARC = YES;
				CLANG_WARN_BLOCK_CAPTURE_AUTORELEASING = YES;
				CLANG_WARN_BOOL_CONVERSION = YES;
				CLANG_WARN_COMMA = YES;
				CLANG_WARN_CONSTANT_CONVERSION = YES;
				CLANG_WARN_DIRECT_OBJC_ISA_USAGE = YES_ERROR;
				CLANG_WARN_DOCUMENTATION_COMMENTS = YES;
				CLANG_WARN_EMPTY_BODY = YES;
				CLANG_WARN_ENUM_CONVERSION = YES;
				CLANG_WARN_INFINITE_RECURSION = YES;
				CLANG_WARN_INT_CONVERSION = YES;
				CLANG_WARN_NON_LITERAL_NULL_CONVERSION = YES;
				CLANG_WARN_OBJC_LITERAL_CONVERSION = YES;
				CLANG_WARN_OBJC_ROOT_CLASS = YES_ERROR;
				CLANG_WARN_RANGE_LOOP_ANALYSIS = YES;
				CLANG_WARN_STRICT_PROTOTYPES = YES;
				CLANG_WARN_SUSPICIOUS_MOVE = YES;
				CLANG_WARN_UNGUARDED_AVAILABILITY = YES_AGGRESSIVE;
				CLANG_WARN_UNREACHABLE_CODE = YES;
				CLANG_WARN__DUPLICATE_METHOD_MATCH = YES;
				CODE_SIGN_IDENTITY = "iPhone Developer";
				COPY_PHASE_STRIP = NO;
				DEBUG_INFORMATION_FORMAT = dwarf;
				ENABLE_STRICT_OBJC_MSGSEND = YES;
				ENABLE_TESTABILITY = YES;
				GCC_C_LANGUAGE_STANDARD = gnu11;
				GCC_DYNAMIC_NO_PIC = NO;
				GCC_NO_COMMON_BLOCKS = YES;
				GCC_OPTIMIZATION_LEVEL = 0;
				GCC_PREPROCESSOR_DEFINITIONS = (
					"DEBUG=1",
					"$(inherited)",
				);
				GCC_WARN_64_TO_32_BIT_CONVERSION = YES;
				GCC_WARN_ABOUT_RETURN_TYPE = YES_ERROR;
				GCC_WARN_UNDECLARED_SELECTOR = YES;
				GCC_WARN_UNINITIALIZED_AUTOS = YES_AGGRESSIVE;
				GCC_WARN_UNUSED_FUNCTION = YES;
				GCC_WARN_UNUSED_VARIABLE = YES;
				IPHONEOS_DEPLOYMENT_TARGET = 11.2;
				MTL_ENABLE_DEBUG_INFO = YES;
				ONLY_ACTIVE_ARCH = YES;
				SDKROOT = iphoneos;
				SWIFT_ACTIVE_COMPILATION_CONDITIONS = DEBUG;
				SWIFT_OPTIMIZATION_LEVEL = "-Onone";
			};
			name = Debug;
		};
		ED4948101FFA8F210014C662 /* Release */ = {
			isa = XCBuildConfiguration;
			buildSettings = {
				ALWAYS_SEARCH_USER_PATHS = NO;
				CLANG_ANALYZER_NONNULL = YES;
				CLANG_ANALYZER_NUMBER_OBJECT_CONVERSION = YES_AGGRESSIVE;
				CLANG_CXX_LANGUAGE_STANDARD = "gnu++14";
				CLANG_CXX_LIBRARY = "libc++";
				CLANG_ENABLE_MODULES = YES;
				CLANG_ENABLE_OBJC_ARC = YES;
				CLANG_WARN_BLOCK_CAPTURE_AUTORELEASING = YES;
				CLANG_WARN_BOOL_CONVERSION = YES;
				CLANG_WARN_COMMA = YES;
				CLANG_WARN_CONSTANT_CONVERSION = YES;
				CLANG_WARN_DIRECT_OBJC_ISA_USAGE = YES_ERROR;
				CLANG_WARN_DOCUMENTATION_COMMENTS = YES;
				CLANG_WARN_EMPTY_BODY = YES;
				CLANG_WARN_ENUM_CONVERSION = YES;
				CLANG_WARN_INFINITE_RECURSION = YES;
				CLANG_WARN_INT_CONVERSION = YES;
				CLANG_WARN_NON_LITERAL_NULL_CONVERSION = YES;
				CLANG_WARN_OBJC_LITERAL_CONVERSION = YES;
				CLANG_WARN_OBJC_ROOT_CLASS = YES_ERROR;
				CLANG_WARN_RANGE_LOOP_ANALYSIS = YES;
				CLANG_WARN_STRICT_PROTOTYPES = YES;
				CLANG_WARN_SUSPICIOUS_MOVE = YES;
				CLANG_WARN_UNGUARDED_AVAILABILITY = YES_AGGRESSIVE;
				CLANG_WARN_UNREACHABLE_CODE = YES;
				CLANG_WARN__DUPLICATE_METHOD_MATCH = YES;
				CODE_SIGN_IDENTITY = "iPhone Developer";
				COPY_PHASE_STRIP = NO;
				DEBUG_INFORMATION_FORMAT = "dwarf-with-dsym";
				ENABLE_NS_ASSERTIONS = NO;
				ENABLE_STRICT_OBJC_MSGSEND = YES;
				GCC_C_LANGUAGE_STANDARD = gnu11;
				GCC_NO_COMMON_BLOCKS = YES;
				GCC_WARN_64_TO_32_BIT_CONVERSION = YES;
				GCC_WARN_ABOUT_RETURN_TYPE = YES_ERROR;
				GCC_WARN_UNDECLARED_SELECTOR = YES;
				GCC_WARN_UNINITIALIZED_AUTOS = YES_AGGRESSIVE;
				GCC_WARN_UNUSED_FUNCTION = YES;
				GCC_WARN_UNUSED_VARIABLE = YES;
				IPHONEOS_DEPLOYMENT_TARGET = 11.2;
				MTL_ENABLE_DEBUG_INFO = NO;
				SDKROOT = iphoneos;
				SWIFT_OPTIMIZATION_LEVEL = "-Owholemodule";
				VALIDATE_PRODUCT = YES;
			};
			name = Release;
		};
		ED4948121FFA8F210014C662 /* Debug */ = {
			isa = XCBuildConfiguration;
			buildSettings = {
				ASSETCATALOG_COMPILER_APPICON_NAME = AppIcon;
				CODE_SIGN_STYLE = Automatic;
				DEVELOPMENT_TEAM = 6WBATSU6B5;
				INFOPLIST_FILE = Finetta/Info.plist;
				LD_RUNPATH_SEARCH_PATHS = "$(inherited) @executable_path/Frameworks";
				PRODUCT_BUNDLE_IDENTIFIER = GGhost.Finetta;
				PRODUCT_NAME = "$(TARGET_NAME)";
				SWIFT_VERSION = 4.0;
				TARGETED_DEVICE_FAMILY = "1,2";
			};
			name = Debug;
		};
		ED4948131FFA8F210014C662 /* Release */ = {
			isa = XCBuildConfiguration;
			buildSettings = {
				ASSETCATALOG_COMPILER_APPICON_NAME = AppIcon;
				CODE_SIGN_STYLE = Automatic;
				DEVELOPMENT_TEAM = 6WBATSU6B5;
				INFOPLIST_FILE = Finetta/Info.plist;
				LD_RUNPATH_SEARCH_PATHS = "$(inherited) @executable_path/Frameworks";
				PRODUCT_BUNDLE_IDENTIFIER = GGhost.Finetta;
				PRODUCT_NAME = "$(TARGET_NAME)";
				SWIFT_VERSION = 4.0;
				TARGETED_DEVICE_FAMILY = "1,2";
			};
			name = Release;
		};
/* End XCBuildConfiguration section */

/* Begin XCConfigurationList section */
		ED4947F71FFA8F210014C662 /* Build configuration list for PBXProject "Finetta" */ = {
			isa = XCConfigurationList;
			buildConfigurations = (
				ED49480F1FFA8F210014C662 /* Debug */,
				ED4948101FFA8F210014C662 /* Release */,
			);
			defaultConfigurationIsVisible = 0;
			defaultConfigurationName = Release;
		};
		ED4948111FFA8F210014C662 /* Build configuration list for PBXNativeTarget "Finetta" */ = {
			isa = XCConfigurationList;
			buildConfigurations = (
				ED4948121FFA8F210014C662 /* Debug */,
				ED4948131FFA8F210014C662 /* Release */,
			);
			defaultConfigurationIsVisible = 0;
			defaultConfigurationName = Release;
		};
/* End XCConfigurationList section */

/* Begin XCVersionGroup section */
		ED4948061FFA8F210014C662 /* Finetta.xcdatamodeld */ = {
			isa = XCVersionGroup;
			children = (
				ED4948071FFA8F210014C662 /* Finetta.xcdatamodel */,
			);
			currentVersion = ED4948071FFA8F210014C662 /* Finetta.xcdatamodel */;
			path = Finetta.xcdatamodeld;
			sourceTree = "<group>";
			versionGroupType = wrapper.xcdatamodel;
		};
/* End XCVersionGroup section */
	};
	rootObject = ED4947F41FFA8F210014C662 /* Project object */;
}
