// !$*UTF8*$!
{
	archiveVersion = 1;
	classes = {
	};
	objectVersion = 48;
	objects = {

/* Begin PBXBuildFile section */
		535F18DCA7A0230EAEC1C6E7 /* Pods_Finetta.framework in Frameworks */ = {isa = PBXBuildFile; fileRef = 4E7D51819E5B90F6ADFFE5A0 /* Pods_Finetta.framework */; };
		ED4948001FFA8F210014C662 /* AppDelegate.swift in Sources */ = {isa = PBXBuildFile; fileRef = ED4947FF1FFA8F210014C662 /* AppDelegate.swift */; };
		ED4948021FFA8F210014C662 /* LoginViewController.swift in Sources */ = {isa = PBXBuildFile; fileRef = ED4948011FFA8F210014C662 /* LoginViewController.swift */; };
		ED4948081FFA8F210014C662 /* Finetta.xcdatamodeld in Sources */ = {isa = PBXBuildFile; fileRef = ED4948061FFA8F210014C662 /* Finetta.xcdatamodeld */; };
		ED49480A1FFA8F210014C662 /* Assets.xcassets in Resources */ = {isa = PBXBuildFile; fileRef = ED4948091FFA8F210014C662 /* Assets.xcassets */; };
		EDC9F1EE1FFA937F00612A2A /* GoogleService-Info.plist in Resources */ = {isa = PBXBuildFile; fileRef = EDC9F1ED1FFA937F00612A2A /* GoogleService-Info.plist */; };
		EDC9F1F01FFA93EE00612A2A /* Main.storyboard in Resources */ = {isa = PBXBuildFile; fileRef = ED4948031FFA8F210014C662 /* Main.storyboard */; };
		EDC9F1F11FFA93F200612A2A /* LaunchScreen.storyboard in Resources */ = {isa = PBXBuildFile; fileRef = ED49480B1FFA8F210014C662 /* LaunchScreen.storyboard */; };
		EDC9F1F51FFA9F9400612A2A /* RegistrationViewController.swift in Sources */ = {isa = PBXBuildFile; fileRef = EDC9F1F41FFA9F9400612A2A /* RegistrationViewController.swift */; };
		EDC9F1F81FFAA24800612A2A /* ViewItemsViewController.swift in Sources */ = {isa = PBXBuildFile; fileRef = EDC9F1F71FFAA24800612A2A /* ViewItemsViewController.swift */; };
		EDC9F1FB1FFAA4DB00612A2A /* SettingsTableViewController.swift in Sources */ = {isa = PBXBuildFile; fileRef = EDC9F1FA1FFAA4DB00612A2A /* SettingsTableViewController.swift */; };
		EDFE460A1FFABBA8000DF65B /* VC+builder.swift in Sources */ = {isa = PBXBuildFile; fileRef = EDFE46091FFABBA8000DF65B /* VC+builder.swift */; };
		EDFE460C1FFAC564000DF65B /* FirebaseInteractor.swift in Sources */ = {isa = PBXBuildFile; fileRef = EDFE460B1FFAC564000DF65B /* FirebaseInteractor.swift */; };
		EDFE460E1FFAC5F1000DF65B /* LoginInteractor.swift in Sources */ = {isa = PBXBuildFile; fileRef = EDFE460D1FFAC5F1000DF65B /* LoginInteractor.swift */; };
		EDFE46101FFAC614000DF65B /* LoginWireframe.swift in Sources */ = {isa = PBXBuildFile; fileRef = EDFE460F1FFAC614000DF65B /* LoginWireframe.swift */; };
		EDFE46121FFAC7B8000DF65B /* LoginPresenter.swift in Sources */ = {isa = PBXBuildFile; fileRef = EDFE46111FFAC7B8000DF65B /* LoginPresenter.swift */; };
		EDFE46141FFAC7CB000DF65B /* LoginProtocols.swift in Sources */ = {isa = PBXBuildFile; fileRef = EDFE46131FFAC7CB000DF65B /* LoginProtocols.swift */; };
		EDFE46171FFB6619000DF65B /* ViewItemsProtocols.swift in Sources */ = {isa = PBXBuildFile; fileRef = EDFE46161FFB6619000DF65B /* ViewItemsProtocols.swift */; };
		EDFE46191FFB6741000DF65B /* ViewItemsPresenter.swift in Sources */ = {isa = PBXBuildFile; fileRef = EDFE46181FFB6741000DF65B /* ViewItemsPresenter.swift */; };
		EDFE461B1FFB674B000DF65B /* ViewItemsInteractor.swift in Sources */ = {isa = PBXBuildFile; fileRef = EDFE461A1FFB674B000DF65B /* ViewItemsInteractor.swift */; };
		EDFE461D1FFB6759000DF65B /* ViewItemsRouter.swift in Sources */ = {isa = PBXBuildFile; fileRef = EDFE461C1FFB6759000DF65B /* ViewItemsRouter.swift */; };
		EDFE46201FFB9A3B000DF65B /* SettingsPresenter.swift in Sources */ = {isa = PBXBuildFile; fileRef = EDFE461F1FFB9A3B000DF65B /* SettingsPresenter.swift */; };
		EDFE46221FFB9A45000DF65B /* SettingsInteractor.swift in Sources */ = {isa = PBXBuildFile; fileRef = EDFE46211FFB9A45000DF65B /* SettingsInteractor.swift */; };
		EDFE46241FFB9A53000DF65B /* SettingsWireframe.swift in Sources */ = {isa = PBXBuildFile; fileRef = EDFE46231FFB9A53000DF65B /* SettingsWireframe.swift */; };
		EDFE46261FFB9A59000DF65B /* SettingsProtocols.swift in Sources */ = {isa = PBXBuildFile; fileRef = EDFE46251FFB9A59000DF65B /* SettingsProtocols.swift */; };
/* End PBXBuildFile section */

/* Begin PBXFileReference section */
		0227553498CF9C646D51D86D /* Pods-Finetta.release.xcconfig */ = {isa = PBXFileReference; includeInIndex = 1; lastKnownFileType = text.xcconfig; name = "Pods-Finetta.release.xcconfig"; path = "Pods/Target Support Files/Pods-Finetta/Pods-Finetta.release.xcconfig"; sourceTree = "<group>"; };
		4E7D51819E5B90F6ADFFE5A0 /* Pods_Finetta.framework */ = {isa = PBXFileReference; explicitFileType = wrapper.framework; includeInIndex = 0; path = Pods_Finetta.framework; sourceTree = BUILT_PRODUCTS_DIR; };
		ED4947FC1FFA8F210014C662 /* Finetta.app */ = {isa = PBXFileReference; explicitFileType = wrapper.application; includeInIndex = 0; path = Finetta.app; sourceTree = BUILT_PRODUCTS_DIR; };
		ED4947FF1FFA8F210014C662 /* AppDelegate.swift */ = {isa = PBXFileReference; lastKnownFileType = sourcecode.swift; path = AppDelegate.swift; sourceTree = "<group>"; };
		ED4948011FFA8F210014C662 /* LoginViewController.swift */ = {isa = PBXFileReference; lastKnownFileType = sourcecode.swift; path = LoginViewController.swift; sourceTree = "<group>"; };
		ED4948041FFA8F210014C662 /* Base */ = {isa = PBXFileReference; lastKnownFileType = file.storyboard; name = Base; path = Base.lproj/Main.storyboard; sourceTree = "<group>"; };
		ED4948071FFA8F210014C662 /* Finetta.xcdatamodel */ = {isa = PBXFileReference; lastKnownFileType = wrapper.xcdatamodel; path = Finetta.xcdatamodel; sourceTree = "<group>"; };
		ED4948091FFA8F210014C662 /* Assets.xcassets */ = {isa = PBXFileReference; lastKnownFileType = folder.assetcatalog; path = Assets.xcassets; sourceTree = "<group>"; };
		ED49480C1FFA8F210014C662 /* Base */ = {isa = PBXFileReference; lastKnownFileType = file.storyboard; name = Base; path = Base.lproj/LaunchScreen.storyboard; sourceTree = "<group>"; };
		ED49480E1FFA8F210014C662 /* Info.plist */ = {isa = PBXFileReference; lastKnownFileType = text.plist.xml; path = Info.plist; sourceTree = "<group>"; };
		EDC9F1ED1FFA937F00612A2A /* GoogleService-Info.plist */ = {isa = PBXFileReference; fileEncoding = 4; lastKnownFileType = text.plist.xml; path = "GoogleService-Info.plist"; sourceTree = "<group>"; };
		EDC9F1F41FFA9F9400612A2A /* RegistrationViewController.swift */ = {isa = PBXFileReference; lastKnownFileType = sourcecode.swift; path = RegistrationViewController.swift; sourceTree = "<group>"; };
		EDC9F1F71FFAA24800612A2A /* ViewItemsViewController.swift */ = {isa = PBXFileReference; lastKnownFileType = sourcecode.swift; path = ViewItemsViewController.swift; sourceTree = "<group>"; };
		EDC9F1FA1FFAA4DB00612A2A /* SettingsTableViewController.swift */ = {isa = PBXFileReference; lastKnownFileType = sourcecode.swift; path = SettingsTableViewController.swift; sourceTree = "<group>"; };
		EDFE46091FFABBA8000DF65B /* VC+builder.swift */ = {isa = PBXFileReference; lastKnownFileType = sourcecode.swift; path = "VC+builder.swift"; sourceTree = "<group>"; };
		EDFE460B1FFAC564000DF65B /* FirebaseInteractor.swift */ = {isa = PBXFileReference; lastKnownFileType = sourcecode.swift; path = FirebaseInteractor.swift; sourceTree = "<group>"; };
		EDFE460D1FFAC5F1000DF65B /* LoginInteractor.swift */ = {isa = PBXFileReference; lastKnownFileType = sourcecode.swift; path = LoginInteractor.swift; sourceTree = "<group>"; };
		EDFE460F1FFAC614000DF65B /* LoginWireframe.swift */ = {isa = PBXFileReference; lastKnownFileType = sourcecode.swift; path = LoginWireframe.swift; sourceTree = "<group>"; };
		EDFE46111FFAC7B8000DF65B /* LoginPresenter.swift */ = {isa = PBXFileReference; lastKnownFileType = sourcecode.swift; path = LoginPresenter.swift; sourceTree = "<group>"; };
		EDFE46131FFAC7CB000DF65B /* LoginProtocols.swift */ = {isa = PBXFileReference; lastKnownFileType = sourcecode.swift; path = LoginProtocols.swift; sourceTree = "<group>"; };
		EDFE46161FFB6619000DF65B /* ViewItemsProtocols.swift */ = {isa = PBXFileReference; lastKnownFileType = sourcecode.swift; path = ViewItemsProtocols.swift; sourceTree = "<group>"; };
		EDFE46181FFB6741000DF65B /* ViewItemsPresenter.swift */ = {isa = PBXFileReference; lastKnownFileType = sourcecode.swift; path = ViewItemsPresenter.swift; sourceTree = "<group>"; };
		EDFE461A1FFB674B000DF65B /* ViewItemsInteractor.swift */ = {isa = PBXFileReference; lastKnownFileType = sourcecode.swift; path = ViewItemsInteractor.swift; sourceTree = "<group>"; };
		EDFE461C1FFB6759000DF65B /* ViewItemsRouter.swift */ = {isa = PBXFileReference; lastKnownFileType = sourcecode.swift; path = ViewItemsRouter.swift; sourceTree = "<group>"; };
		EDFE461F1FFB9A3B000DF65B /* SettingsPresenter.swift */ = {isa = PBXFileReference; lastKnownFileType = sourcecode.swift; path = SettingsPresenter.swift; sourceTree = "<group>"; };
		EDFE46211FFB9A45000DF65B /* SettingsInteractor.swift */ = {isa = PBXFileReference; lastKnownFileType = sourcecode.swift; path = SettingsInteractor.swift; sourceTree = "<group>"; };
		EDFE46231FFB9A53000DF65B /* SettingsWireframe.swift */ = {isa = PBXFileReference; lastKnownFileType = sourcecode.swift; path = SettingsWireframe.swift; sourceTree = "<group>"; };
		EDFE46251FFB9A59000DF65B /* SettingsProtocols.swift */ = {isa = PBXFileReference; lastKnownFileType = sourcecode.swift; path = SettingsProtocols.swift; sourceTree = "<group>"; };
		EFF83B3B731C94A1E130AAFB /* Pods-Finetta.debug.xcconfig */ = {isa = PBXFileReference; includeInIndex = 1; lastKnownFileType = text.xcconfig; name = "Pods-Finetta.debug.xcconfig"; path = "Pods/Target Support Files/Pods-Finetta/Pods-Finetta.debug.xcconfig"; sourceTree = "<group>"; };
/* End PBXFileReference section */

/* Begin PBXFrameworksBuildPhase section */
		ED4947F91FFA8F210014C662 /* Frameworks */ = {
			isa = PBXFrameworksBuildPhase;
			buildActionMask = 2147483647;
			files = (
				535F18DCA7A0230EAEC1C6E7 /* Pods_Finetta.framework in Frameworks */,
			);
			runOnlyForDeploymentPostprocessing = 0;
		};
/* End PBXFrameworksBuildPhase section */

/* Begin PBXGroup section */
		AAA6A8C1D28F65C06D15B4E4 /* Frameworks */ = {
			isa = PBXGroup;
			children = (
				4E7D51819E5B90F6ADFFE5A0 /* Pods_Finetta.framework */,
			);
			name = Frameworks;
			sourceTree = "<group>";
		};
		E420DB1EE91EA9CC57673C60 /* Pods */ = {
			isa = PBXGroup;
			children = (
				EFF83B3B731C94A1E130AAFB /* Pods-Finetta.debug.xcconfig */,
				0227553498CF9C646D51D86D /* Pods-Finetta.release.xcconfig */,
			);
			name = Pods;
			sourceTree = "<group>";
		};
		ED4947F31FFA8F210014C662 = {
			isa = PBXGroup;
			children = (
				ED4947FE1FFA8F210014C662 /* Finetta */,
				ED4947FD1FFA8F210014C662 /* Products */,
				E420DB1EE91EA9CC57673C60 /* Pods */,
				AAA6A8C1D28F65C06D15B4E4 /* Frameworks */,
			);
			sourceTree = "<group>";
		};
		ED4947FD1FFA8F210014C662 /* Products */ = {
			isa = PBXGroup;
			children = (
				ED4947FC1FFA8F210014C662 /* Finetta.app */,
			);
			name = Products;
			sourceTree = "<group>";
		};
		ED4947FE1FFA8F210014C662 /* Finetta */ = {
			isa = PBXGroup;
			children = (
				ED4947FF1FFA8F210014C662 /* AppDelegate.swift */,
				EDC9F1F21FFA9F6000612A2A /* Login Scene */,
				EDC9F1F31FFA9F7800612A2A /* Registration Scene */,
				EDFE46151FFB6379000DF65B /* Main Scene */,
				EDC9F1FC1FFAA56500612A2A /* Data Model */,
				ED4948031FFA8F210014C662 /* Main.storyboard */,
				EDFE46081FFABB7D000DF65B /* Extensions */,
				EDC9F1EF1FFA939A00612A2A /* Application */,
				ED49480E1FFA8F210014C662 /* Info.plist */,
				EDC9F1ED1FFA937F00612A2A /* GoogleService-Info.plist */,
			);
			path = Finetta;
			sourceTree = "<group>";
		};
		EDC9F1EF1FFA939A00612A2A /* Application */ = {
			isa = PBXGroup;
			children = (
				ED4948091FFA8F210014C662 /* Assets.xcassets */,
				ED49480B1FFA8F210014C662 /* LaunchScreen.storyboard */,
				ED4948061FFA8F210014C662 /* Finetta.xcdatamodeld */,
			);
			path = Application;
			sourceTree = "<group>";
		};
		EDC9F1F21FFA9F6000612A2A /* Login Scene */ = {
			isa = PBXGroup;
			children = (
				EDFE46131FFAC7CB000DF65B /* LoginProtocols.swift */,
				EDFE460F1FFAC614000DF65B /* LoginWireframe.swift */,
				EDFE460D1FFAC5F1000DF65B /* LoginInteractor.swift */,
				EDFE46111FFAC7B8000DF65B /* LoginPresenter.swift */,
				ED4948011FFA8F210014C662 /* LoginViewController.swift */,
			);
			path = "Login Scene";
			sourceTree = "<group>";
		};
		EDC9F1F31FFA9F7800612A2A /* Registration Scene */ = {
			isa = PBXGroup;
			children = (
				EDC9F1F41FFA9F9400612A2A /* RegistrationViewController.swift */,
			);
			path = "Registration Scene";
			sourceTree = "<group>";
		};
		EDC9F1F61FFA9FBF00612A2A /* View Items SubScene */ = {
			isa = PBXGroup;
			children = (
				EDFE46161FFB6619000DF65B /* ViewItemsProtocols.swift */,
				EDFE461C1FFB6759000DF65B /* ViewItemsRouter.swift */,
				EDFE461A1FFB674B000DF65B /* ViewItemsInteractor.swift */,
				EDFE46181FFB6741000DF65B /* ViewItemsPresenter.swift */,
				EDC9F1F71FFAA24800612A2A /* ViewItemsViewController.swift */,
			);
			path = "View Items SubScene";
			sourceTree = "<group>";
		};
		EDC9F1F91FFAA2BA00612A2A /* Settings SubScene */ = {
			isa = PBXGroup;
			children = (
				EDFE46251FFB9A59000DF65B /* SettingsProtocols.swift */,
				EDFE46231FFB9A53000DF65B /* SettingsWireframe.swift */,
				EDFE46211FFB9A45000DF65B /* SettingsInteractor.swift */,
				EDFE461F1FFB9A3B000DF65B /* SettingsPresenter.swift */,
				EDC9F1FA1FFAA4DB00612A2A /* SettingsTableViewController.swift */,
			);
			path = "Settings SubScene";
			sourceTree = "<group>";
		};
		EDC9F1FC1FFAA56500612A2A /* Data Model */ = {
			isa = PBXGroup;
			children = (
				EDFE460B1FFAC564000DF65B /* FirebaseInteractor.swift */,
			);
			path = "Data Model";
			sourceTree = "<group>";
		};
		EDFE46081FFABB7D000DF65B /* Extensions */ = {
			isa = PBXGroup;
			children = (
				EDFE46091FFABBA8000DF65B /* VC+builder.swift */,
			);
			path = Extensions;
			sourceTree = "<group>";
		};
		EDFE46151FFB6379000DF65B /* Main Scene */ = {
			isa = PBXGroup;
			children = (
				EDC9F1F61FFA9FBF00612A2A /* View Items SubScene */,
				EDC9F1F91FFAA2BA00612A2A /* Settings SubScene */,
			);
			path = "Main Scene";
			sourceTree = "<group>";
		};
/* End PBXGroup section */

/* Begin PBXNativeTarget section */
		ED4947FB1FFA8F210014C662 /* Finetta */ = {
			isa = PBXNativeTarget;
			buildConfigurationList = ED4948111FFA8F210014C662 /* Build configuration list for PBXNativeTarget "Finetta" */;
			buildPhases = (
				84BD2C251A31F62A08235E9E /* [CP] Check Pods Manifest.lock */,
				ED4947F81FFA8F210014C662 /* Sources */,
				ED4947F91FFA8F210014C662 /* Frameworks */,
				ED4947FA1FFA8F210014C662 /* Resources */,
				6D32D00F115538A0AD0B4618 /* [CP] Embed Pods Frameworks */,
				750E266DBD60C93220CC38F5 /* [CP] Copy Pods Resources */,
			);
			buildRules = (
			);
			dependencies = (
			);
			name = Finetta;
			productName = Finetta;
			productReference = ED4947FC1FFA8F210014C662 /* Finetta.app */;
			productType = "com.apple.product-type.application";
		};
/* End PBXNativeTarget section */

/* Begin PBXProject section */
		ED4947F41FFA8F210014C662 /* Project object */ = {
			isa = PBXProject;
			attributes = {
				LastSwiftUpdateCheck = 0920;
				LastUpgradeCheck = 0920;
				ORGANIZATIONNAME = "Gleb Kalachev";
				TargetAttributes = {
					ED4947FB1FFA8F210014C662 = {
						CreatedOnToolsVersion = 9.2;
						ProvisioningStyle = Automatic;
					};
				};
			};
			buildConfigurationList = ED4947F71FFA8F210014C662 /* Build configuration list for PBXProject "Finetta" */;
			compatibilityVersion = "Xcode 8.0";
			developmentRegion = en;
			hasScannedForEncodings = 0;
			knownRegions = (
				en,
				Base,
			);
			mainGroup = ED4947F31FFA8F210014C662;
			productRefGroup = ED4947FD1FFA8F210014C662 /* Products */;
			projectDirPath = "";
			projectRoot = "";
			targets = (
				ED4947FB1FFA8F210014C662 /* Finetta */,
			);
		};
/* End PBXProject section */

/* Begin PBXResourcesBuildPhase section */
		ED4947FA1FFA8F210014C662 /* Resources */ = {
			isa = PBXResourcesBuildPhase;
			buildActionMask = 2147483647;
			files = (
				EDC9F1F11FFA93F200612A2A /* LaunchScreen.storyboard in Resources */,
				EDC9F1F01FFA93EE00612A2A /* Main.storyboard in Resources */,
				EDC9F1EE1FFA937F00612A2A /* GoogleService-Info.plist in Resources */,
				ED49480A1FFA8F210014C662 /* Assets.xcassets in Resources */,
			);
			runOnlyForDeploymentPostprocessing = 0;
		};
/* End PBXResourcesBuildPhase section */

/* Begin PBXShellScriptBuildPhase section */
		6D32D00F115538A0AD0B4618 /* [CP] Embed Pods Frameworks */ = {
			isa = PBXShellScriptBuildPhase;
			buildActionMask = 2147483647;
			files = (
			);
			inputPaths = (
				"${SRCROOT}/Pods/Target Support Files/Pods-Finetta/Pods-Finetta-frameworks.sh",
				"${BUILT_PRODUCTS_DIR}/GTMSessionFetcher/GTMSessionFetcher.framework",
				"${BUILT_PRODUCTS_DIR}/GoogleToolboxForMac/GoogleToolboxForMac.framework",
				"${BUILT_PRODUCTS_DIR}/leveldb-library/leveldb.framework",
				"${BUILT_PRODUCTS_DIR}/nanopb/nanopb.framework",
			);
			name = "[CP] Embed Pods Frameworks";
			outputPaths = (
				"${TARGET_BUILD_DIR}/${FRAMEWORKS_FOLDER_PATH}/GTMSessionFetcher.framework",
				"${TARGET_BUILD_DIR}/${FRAMEWORKS_FOLDER_PATH}/GoogleToolboxForMac.framework",
				"${TARGET_BUILD_DIR}/${FRAMEWORKS_FOLDER_PATH}/leveldb.framework",
				"${TARGET_BUILD_DIR}/${FRAMEWORKS_FOLDER_PATH}/nanopb.framework",
			);
			runOnlyForDeploymentPostprocessing = 0;
			shellPath = /bin/sh;
			shellScript = "\"${SRCROOT}/Pods/Target Support Files/Pods-Finetta/Pods-Finetta-frameworks.sh\"\n";
			showEnvVarsInLog = 0;
		};
		750E266DBD60C93220CC38F5 /* [CP] Copy Pods Resources */ = {
			isa = PBXShellScriptBuildPhase;
			buildActionMask = 2147483647;
			files = (
			);
			inputPaths = (
			);
			name = "[CP] Copy Pods Resources";
			outputPaths = (
			);
			runOnlyForDeploymentPostprocessing = 0;
			shellPath = /bin/sh;
			shellScript = "\"${SRCROOT}/Pods/Target Support Files/Pods-Finetta/Pods-Finetta-resources.sh\"\n";
			showEnvVarsInLog = 0;
		};
		84BD2C251A31F62A08235E9E /* [CP] Check Pods Manifest.lock */ = {
			isa = PBXShellScriptBuildPhase;
			buildActionMask = 2147483647;
			files = (
			);
			inputPaths = (
				"${PODS_PODFILE_DIR_PATH}/Podfile.lock",
				"${PODS_ROOT}/Manifest.lock",
			);
			name = "[CP] Check Pods Manifest.lock";
			outputPaths = (
				"$(DERIVED_FILE_DIR)/Pods-Finetta-checkManifestLockResult.txt",
			);
			runOnlyForDeploymentPostprocessing = 0;
			shellPath = /bin/sh;
			shellScript = "diff \"${PODS_PODFILE_DIR_PATH}/Podfile.lock\" \"${PODS_ROOT}/Manifest.lock\" > /dev/null\nif [ $? != 0 ] ; then\n    # print error to STDERR\n    echo \"error: The sandbox is not in sync with the Podfile.lock. Run 'pod install' or update your CocoaPods installation.\" >&2\n    exit 1\nfi\n# This output is used by Xcode 'outputs' to avoid re-running this script phase.\necho \"SUCCESS\" > \"${SCRIPT_OUTPUT_FILE_0}\"\n";
			showEnvVarsInLog = 0;
		};
/* End PBXShellScriptBuildPhase section */

/* Begin PBXSourcesBuildPhase section */
		ED4947F81FFA8F210014C662 /* Sources */ = {
			isa = PBXSourcesBuildPhase;
			buildActionMask = 2147483647;
			files = (
				EDFE460E1FFAC5F1000DF65B /* LoginInteractor.swift in Sources */,
				ED4948021FFA8F210014C662 /* LoginViewController.swift in Sources */,
				ED4948081FFA8F210014C662 /* Finetta.xcdatamodeld in Sources */,
				EDFE46201FFB9A3B000DF65B /* SettingsPresenter.swift in Sources */,
				EDFE46261FFB9A59000DF65B /* SettingsProtocols.swift in Sources */,
				EDC9F1FB1FFAA4DB00612A2A /* SettingsTableViewController.swift in Sources */,
				EDFE46121FFAC7B8000DF65B /* LoginPresenter.swift in Sources */,
				EDC9F1F81FFAA24800612A2A /* ViewItemsViewController.swift in Sources */,
				EDC9F1F51FFA9F9400612A2A /* RegistrationViewController.swift in Sources */,
				ED4948001FFA8F210014C662 /* AppDelegate.swift in Sources */,
				EDFE46191FFB6741000DF65B /* ViewItemsPresenter.swift in Sources */,
				EDFE46171FFB6619000DF65B /* ViewItemsProtocols.swift in Sources */,
				EDFE460A1FFABBA8000DF65B /* VC+builder.swift in Sources */,
				EDFE46141FFAC7CB000DF65B /* LoginProtocols.swift in Sources */,
				EDFE461B1FFB674B000DF65B /* ViewItemsInteractor.swift in Sources */,
				EDFE46101FFAC614000DF65B /* LoginWireframe.swift in Sources */,
				EDFE461D1FFB6759000DF65B /* ViewItemsRouter.swift in Sources */,
				EDFE460C1FFAC564000DF65B /* FirebaseInteractor.swift in Sources */,
				EDFE46241FFB9A53000DF65B /* SettingsWireframe.swift in Sources */,
				EDFE46221FFB9A45000DF65B /* SettingsInteractor.swift in Sources */,
			);
			runOnlyForDeploymentPostprocessing = 0;
		};
/* End PBXSourcesBuildPhase section */

/* Begin PBXVariantGroup section */
		ED4948031FFA8F210014C662 /* Main.storyboard */ = {
			isa = PBXVariantGroup;
			children = (
				ED4948041FFA8F210014C662 /* Base */,
			);
			name = Main.storyboard;
			sourceTree = "<group>";
		};
		ED49480B1FFA8F210014C662 /* LaunchScreen.storyboard */ = {
			isa = PBXVariantGroup;
			children = (
				ED49480C1FFA8F210014C662 /* Base */,
			);
			name = LaunchScreen.storyboard;
			sourceTree = "<group>";
		};
/* End PBXVariantGroup section */

/* Begin XCBuildConfiguration section */
		ED49480F1FFA8F210014C662 /* Debug */ = {
			isa = XCBuildConfiguration;
			buildSettings = {
				ALWAYS_SEARCH_USER_PATHS = NO;
				CLANG_ANALYZER_NONNULL = YES;
				CLANG_ANALYZER_NUMBER_OBJECT_CONVERSION = YES_AGGRESSIVE;
				CLANG_CXX_LANGUAGE_STANDARD = "gnu++14";
				CLANG_CXX_LIBRARY = "libc++";
				CLANG_ENABLE_MODULES = YES;
				CLANG_ENABLE_OBJC_ARC = YES;
				CLANG_WARN_BLOCK_CAPTURE_AUTORELEASING = YES;
				CLANG_WARN_BOOL_CONVERSION = YES;
				CLANG_WARN_COMMA = YES;
				CLANG_WARN_CONSTANT_CONVERSION = YES;
				CLANG_WARN_DIRECT_OBJC_ISA_USAGE = YES_ERROR;
				CLANG_WARN_DOCUMENTATION_COMMENTS = YES;
				CLANG_WARN_EMPTY_BODY = YES;
				CLANG_WARN_ENUM_CONVERSION = YES;
				CLANG_WARN_INFINITE_RECURSION = YES;
				CLANG_WARN_INT_CONVERSION = YES;
				CLANG_WARN_NON_LITERAL_NULL_CONVERSION = YES;
				CLANG_WARN_OBJC_LITERAL_CONVERSION = YES;
				CLANG_WARN_OBJC_ROOT_CLASS = YES_ERROR;
				CLANG_WARN_RANGE_LOOP_ANALYSIS = YES;
				CLANG_WARN_STRICT_PROTOTYPES = YES;
				CLANG_WARN_SUSPICIOUS_MOVE = YES;
				CLANG_WARN_UNGUARDED_AVAILABILITY = YES_AGGRESSIVE;
				CLANG_WARN_UNREACHABLE_CODE = YES;
				CLANG_WARN__DUPLICATE_METHOD_MATCH = YES;
				CODE_SIGN_IDENTITY = "iPhone Developer";
				COPY_PHASE_STRIP = NO;
				DEBUG_INFORMATION_FORMAT = dwarf;
				ENABLE_STRICT_OBJC_MSGSEND = YES;
				ENABLE_TESTABILITY = YES;
				GCC_C_LANGUAGE_STANDARD = gnu11;
				GCC_DYNAMIC_NO_PIC = NO;
				GCC_NO_COMMON_BLOCKS = YES;
				GCC_OPTIMIZATION_LEVEL = 0;
				GCC_PREPROCESSOR_DEFINITIONS = (
					"DEBUG=1",
					"$(inherited)",
				);
				GCC_WARN_64_TO_32_BIT_CONVERSION = YES;
				GCC_WARN_ABOUT_RETURN_TYPE = YES_ERROR;
				GCC_WARN_UNDECLARED_SELECTOR = YES;
				GCC_WARN_UNINITIALIZED_AUTOS = YES_AGGRESSIVE;
				GCC_WARN_UNUSED_FUNCTION = YES;
				GCC_WARN_UNUSED_VARIABLE = YES;
				IPHONEOS_DEPLOYMENT_TARGET = 11.2;
				MTL_ENABLE_DEBUG_INFO = YES;
				ONLY_ACTIVE_ARCH = YES;
				SDKROOT = iphoneos;
				SWIFT_ACTIVE_COMPILATION_CONDITIONS = DEBUG;
				SWIFT_OPTIMIZATION_LEVEL = "-Onone";
			};
			name = Debug;
		};
		ED4948101FFA8F210014C662 /* Release */ = {
			isa = XCBuildConfiguration;
			buildSettings = {
				ALWAYS_SEARCH_USER_PATHS = NO;
				CLANG_ANALYZER_NONNULL = YES;
				CLANG_ANALYZER_NUMBER_OBJECT_CONVERSION = YES_AGGRESSIVE;
				CLANG_CXX_LANGUAGE_STANDARD = "gnu++14";
				CLANG_CXX_LIBRARY = "libc++";
				CLANG_ENABLE_MODULES = YES;
				CLANG_ENABLE_OBJC_ARC = YES;
				CLANG_WARN_BLOCK_CAPTURE_AUTORELEASING = YES;
				CLANG_WARN_BOOL_CONVERSION = YES;
				CLANG_WARN_COMMA = YES;
				CLANG_WARN_CONSTANT_CONVERSION = YES;
				CLANG_WARN_DIRECT_OBJC_ISA_USAGE = YES_ERROR;
				CLANG_WARN_DOCUMENTATION_COMMENTS = YES;
				CLANG_WARN_EMPTY_BODY = YES;
				CLANG_WARN_ENUM_CONVERSION = YES;
				CLANG_WARN_INFINITE_RECURSION = YES;
				CLANG_WARN_INT_CONVERSION = YES;
				CLANG_WARN_NON_LITERAL_NULL_CONVERSION = YES;
				CLANG_WARN_OBJC_LITERAL_CONVERSION = YES;
				CLANG_WARN_OBJC_ROOT_CLASS = YES_ERROR;
				CLANG_WARN_RANGE_LOOP_ANALYSIS = YES;
				CLANG_WARN_STRICT_PROTOTYPES = YES;
				CLANG_WARN_SUSPICIOUS_MOVE = YES;
				CLANG_WARN_UNGUARDED_AVAILABILITY = YES_AGGRESSIVE;
				CLANG_WARN_UNREACHABLE_CODE = YES;
				CLANG_WARN__DUPLICATE_METHOD_MATCH = YES;
				CODE_SIGN_IDENTITY = "iPhone Developer";
				COPY_PHASE_STRIP = NO;
				DEBUG_INFORMATION_FORMAT = "dwarf-with-dsym";
				ENABLE_NS_ASSERTIONS = NO;
				ENABLE_STRICT_OBJC_MSGSEND = YES;
				GCC_C_LANGUAGE_STANDARD = gnu11;
				GCC_NO_COMMON_BLOCKS = YES;
				GCC_WARN_64_TO_32_BIT_CONVERSION = YES;
				GCC_WARN_ABOUT_RETURN_TYPE = YES_ERROR;
				GCC_WARN_UNDECLARED_SELECTOR = YES;
				GCC_WARN_UNINITIALIZED_AUTOS = YES_AGGRESSIVE;
				GCC_WARN_UNUSED_FUNCTION = YES;
				GCC_WARN_UNUSED_VARIABLE = YES;
				IPHONEOS_DEPLOYMENT_TARGET = 11.2;
				MTL_ENABLE_DEBUG_INFO = NO;
				SDKROOT = iphoneos;
				SWIFT_OPTIMIZATION_LEVEL = "-Owholemodule";
				VALIDATE_PRODUCT = YES;
			};
			name = Release;
		};
		ED4948121FFA8F210014C662 /* Debug */ = {
			isa = XCBuildConfiguration;
			baseConfigurationReference = EFF83B3B731C94A1E130AAFB /* Pods-Finetta.debug.xcconfig */;
			buildSettings = {
				ASSETCATALOG_COMPILER_APPICON_NAME = AppIcon;
				CODE_SIGN_STYLE = Automatic;
				DEVELOPMENT_TEAM = 6WBATSU6B5;
				INFOPLIST_FILE = Finetta/Info.plist;
				LD_RUNPATH_SEARCH_PATHS = "$(inherited) @executable_path/Frameworks";
				PRODUCT_BUNDLE_IDENTIFIER = GGhost.Finetta;
				PRODUCT_NAME = "$(TARGET_NAME)";
				SWIFT_VERSION = 4.0;
				TARGETED_DEVICE_FAMILY = "1,2";
			};
			name = Debug;
		};
		ED4948131FFA8F210014C662 /* Release */ = {
			isa = XCBuildConfiguration;
			baseConfigurationReference = 0227553498CF9C646D51D86D /* Pods-Finetta.release.xcconfig */;
			buildSettings = {
				ASSETCATALOG_COMPILER_APPICON_NAME = AppIcon;
				CODE_SIGN_STYLE = Automatic;
				DEVELOPMENT_TEAM = 6WBATSU6B5;
				INFOPLIST_FILE = Finetta/Info.plist;
				LD_RUNPATH_SEARCH_PATHS = "$(inherited) @executable_path/Frameworks";
				PRODUCT_BUNDLE_IDENTIFIER = GGhost.Finetta;
				PRODUCT_NAME = "$(TARGET_NAME)";
				SWIFT_VERSION = 4.0;
				TARGETED_DEVICE_FAMILY = "1,2";
			};
			name = Release;
		};
/* End XCBuildConfiguration section */

/* Begin XCConfigurationList section */
		ED4947F71FFA8F210014C662 /* Build configuration list for PBXProject "Finetta" */ = {
			isa = XCConfigurationList;
			buildConfigurations = (
				ED49480F1FFA8F210014C662 /* Debug */,
				ED4948101FFA8F210014C662 /* Release */,
			);
			defaultConfigurationIsVisible = 0;
			defaultConfigurationName = Release;
		};
		ED4948111FFA8F210014C662 /* Build configuration list for PBXNativeTarget "Finetta" */ = {
			isa = XCConfigurationList;
			buildConfigurations = (
				ED4948121FFA8F210014C662 /* Debug */,
				ED4948131FFA8F210014C662 /* Release */,
			);
			defaultConfigurationIsVisible = 0;
			defaultConfigurationName = Release;
		};
/* End XCConfigurationList section */

/* Begin XCVersionGroup section */
		ED4948061FFA8F210014C662 /* Finetta.xcdatamodeld */ = {
			isa = XCVersionGroup;
			children = (
				ED4948071FFA8F210014C662 /* Finetta.xcdatamodel */,
			);
			currentVersion = ED4948071FFA8F210014C662 /* Finetta.xcdatamodel */;
			path = Finetta.xcdatamodeld;
			sourceTree = "<group>";
			versionGroupType = wrapper.xcdatamodel;
		};
/* End XCVersionGroup section */
	};
	rootObject = ED4947F41FFA8F210014C662 /* Project object */;
}
